
Microsoft Visual Studio Solution File, Format Version 12.00
# Visual Studio Version 17
VisualStudioVersion = 17.3.32825.248
MinimumVisualStudioVersion = 10.0.40219.1
Project("{FAE04EC0-301F-11D3-BF4B-00C04F79EFBC}") = "Team_Work", "Team_Work\Team_Work.csproj", "{BBEC6F03-C828-4039-99E3-B2577978D315}"
EndProject
Global
	GlobalSection(SolutionConfigurationPlatforms) = preSolution
		Debug|Any CPU = Debug|Any CPU
		Release|Any CPU = Release|Any CPU
	EndGlobalSection
	GlobalSection(ProjectConfigurationPlatforms) = postSolution
		{BBEC6F03-C828-4039-99E3-B2577978D315}.Debug|Any CPU.ActiveCfg = Debug|Any CPU
		{BBEC6F03-C828-4039-99E3-B2577978D315}.Debug|Any CPU.Build.0 = Debug|Any CPU
		{BBEC6F03-C828-4039-99E3-B2577978D315}.Release|Any CPU.ActiveCfg = Release|Any CPU
		{BBEC6F03-C828-4039-99E3-B2577978D315}.Release|Any CPU.Build.0 = Release|Any CPU
	EndGlobalSection
	GlobalSection(SolutionProperties) = preSolution
		HideSolutionNode = FALSE
	EndGlobalSection
	GlobalSection(ExtensibilityGlobals) = postSolution
		SolutionGuid = {7720A4BA-41B6-44C2-886F-5817ACEB9089}
	EndGlobalSection
EndGlobal
